
Microsoft Visual Studio Solution File, Format Version 12.00
# Visual Studio Version 17
VisualStudioVersion = 17.11.35219.272
MinimumVisualStudioVersion = 10.0.40219.1
Project("{FAE04EC0-301F-11D3-BF4B-00C04F79EFBC}") = "F2024-Assignment1-mwebster", "F2024-Assignment1-mwebster\F2024-Assignment1-mwebster.csproj", "{B18614FB-E44A-4136-85F9-4173D6F1AF10}"
EndProject
Global
	GlobalSection(SolutionConfigurationPlatforms) = preSolution
		Debug|Any CPU = Debug|Any CPU
		Release|Any CPU = Release|Any CPU
	EndGlobalSection
	GlobalSection(ProjectConfigurationPlatforms) = postSolution
		{B18614FB-E44A-4136-85F9-4173D6F1AF10}.Debug|Any CPU.ActiveCfg = Debug|Any CPU
		{B18614FB-E44A-4136-85F9-4173D6F1AF10}.Debug|Any CPU.Build.0 = Debug|Any CPU
		{B18614FB-E44A-4136-85F9-4173D6F1AF10}.Release|Any CPU.ActiveCfg = Release|Any CPU
		{B18614FB-E44A-4136-85F9-4173D6F1AF10}.Release|Any CPU.Build.0 = Release|Any CPU
	EndGlobalSection
	GlobalSection(SolutionProperties) = preSolution
		HideSolutionNode = FALSE
	EndGlobalSection
	GlobalSection(ExtensibilityGlobals) = postSolution
		SolutionGuid = {01272524-A9D8-492E-B24F-ECDFF8ED0428}
	EndGlobalSection
EndGlobal
